# THIS IS AN AUTOGENERATED FILE. DO NOT EDIT THIS FILE DIRECTLY.
# yarn lockfile v1


ansi-regex@^2.0.0:
  version "2.1.1"
  resolved "https://registry.yarnpkg.com/ansi-regex/-/ansi-regex-2.1.1.tgz#c3b33ab5ee360d86e0e628f0468ae7ef27d654df"

ansi-regex@^3.0.0:
  version "3.0.0"
  resolved "https://registry.yarnpkg.com/ansi-regex/-/ansi-regex-3.0.0.tgz#ed0317c322064f79466c02966bddb605ab37d998"

array-flatten@^1.1.1:
  version "1.1.1"
  resolved "https://registry.yarnpkg.com/array-flatten/-/array-flatten-1.1.1.tgz#9a5f699051b1e7073328f2a008968b64ea2955d2"

article-json-html-render@^2.0.0:
  version "2.7.2"
  resolved "https://registry.yarnpkg.com/article-json-html-render/-/article-json-html-render-2.7.2.tgz#367840ab5c62db4703254db3a2c31f81ce969603"
  dependencies:
    lodash.startswith "^4.0.0"
    magic-virtual-element "^1.0.6"

article-json-to-amp@^3.0.2:
  version "3.0.2"
  resolved "https://registry.yarnpkg.com/article-json-to-amp/-/article-json-to-amp-3.0.2.tgz#e61f10d387cbde709f82386a3c50f91ee6eb0a57"
  dependencies:
    article-json-html-render "^2.0.0"
    deku "^1.0.0"
    magic-virtual-element "^1.0.6"

article-json-to-apple-news@^4.0.4:
  version "4.0.4"
  resolved "https://registry.yarnpkg.com/article-json-to-apple-news/-/article-json-to-apple-news-4.0.4.tgz#511ec55d239cf24ae558a2460480b95a4f7fd29a"
  dependencies:
    lodash.startswith "^4.0.1"
    moment "^2.12.0"
    object-assign "^4.0.1"
    walk-apple-news-format "^1.0.0"

article-json-to-fbia@^1.3.1:
  version "1.3.1"
  resolved "https://registry.yarnpkg.com/article-json-to-fbia/-/article-json-to-fbia-1.3.1.tgz#95fefb02e150878d45117d42d3b4397ee3b90658"
  dependencies:
    article-json-html-render "^2.0.0"
    deku "^1.0.0"
    embeds "^2.6.0"
    magic-virtual-element "^1.0.6"
    object-assign "^4.0.1"
    url-join "^1.1.0"

block-elements@^1.1.0:
  version "1.2.0"
  resolved "https://registry.yarnpkg.com/block-elements/-/block-elements-1.2.0.tgz#8e04ccab638c7e2596f5065fb6c1c7518c905a5d"

camelcase-css@^1.0.0:
  version "1.0.1"
  resolved "https://registry.yarnpkg.com/camelcase-css/-/camelcase-css-1.0.1.tgz#157c4238265f5cf94a1dffde86446552cbf3f705"

camelcase@^4.1.0:
  version "4.1.0"
  resolved "https://registry.yarnpkg.com/camelcase/-/camelcase-4.1.0.tgz#d545635be1e33c542649c69173e5de6acfae34dd"

classnames@^2.1.3:
  version "2.2.6"
  resolved "https://registry.yarnpkg.com/classnames/-/classnames-2.2.6.tgz#43935bffdd291f326dad0a205309b38d00f650ce"

cliui@^4.0.0:
  version "4.1.0"
  resolved "https://registry.yarnpkg.com/cliui/-/cliui-4.1.0.tgz#348422dbe82d800b3022eef4f6ac10bf2e4d1b49"
  dependencies:
    string-width "^2.1.1"
    strip-ansi "^4.0.0"
    wrap-ansi "^2.0.0"

code-point-at@^1.0.0:
  version "1.1.0"
  resolved "https://registry.yarnpkg.com/code-point-at/-/code-point-at-1.1.0.tgz#0d070b4d043a5bea33a2f1a40e2edb3d9a4ccf77"

component-emitter@1.2.0:
  version "1.2.0"
  resolved "https://registry.yarnpkg.com/component-emitter/-/component-emitter-1.2.0.tgz#ccd113a86388d06482d03de3fc7df98526ba8efe"

component-raf@1.2.0:
  version "1.2.0"
  resolved "https://registry.yarnpkg.com/component-raf/-/component-raf-1.2.0.tgz#b2bc72d43f1b014fde7a4b3c447c764bc73ccbaa"

component-type@1.2.0:
  version "1.2.0"
  resolved "https://registry.yarnpkg.com/component-type/-/component-type-1.2.0.tgz#e279fc966ae3488ca44480103313569cffbf4c48"

component-type@~1.1.0:
  version "1.1.0"
  resolved "https://registry.yarnpkg.com/component-type/-/component-type-1.1.0.tgz#95b666aad53e5c8d1f2be135c45b5d499197c0c5"

cross-spawn@^5.0.1:
  version "5.1.0"
  resolved "https://registry.yarnpkg.com/cross-spawn/-/cross-spawn-5.1.0.tgz#e8bd0efee58fcff6f8f94510a0a554bbfa235449"
  dependencies:
    lru-cache "^4.0.1"
    shebang-command "^1.2.0"
    which "^1.2.9"

cssauron@^1.4.0:
  version "1.4.0"
  resolved "https://registry.yarnpkg.com/cssauron/-/cssauron-1.4.0.tgz#a6602dff7e04a8306dc0db9a551e92e8b5662ad8"
  dependencies:
    through X.X.X

d@1:
  version "1.0.0"
  resolved "https://registry.yarnpkg.com/d/-/d-1.0.0.tgz#754bb5bfe55451da69a58b94d45f4c5b0462d58f"
  dependencies:
    es5-ext "^0.10.9"

decamelize@^1.1.1:
  version "1.2.0"
  resolved "https://registry.yarnpkg.com/decamelize/-/decamelize-1.2.0.tgz#f6534d15148269b20352e7bee26f501f9a191290"

deku@^1.0.0:
  version "1.0.0"
  resolved "https://registry.yarnpkg.com/deku/-/deku-1.0.0.tgz#2099e506bf3ad65a09ebeed826de6ac357144921"
  dependencies:
    component-emitter "1.2.0"
    component-raf "1.2.0"
    component-type "1.2.0"
    fast.js "0.1.1"
    get-uid "1.0.1"
    is-dom "1.0.5"
    is-svg-attribute "1.0.2"
    is-svg-element "1.0.1"
    object-defaults "0.1.0"
    object-path "0.9.2"

embedly-url@^1.0.0:
  version "1.0.0"
  resolved "https://registry.yarnpkg.com/embedly-url/-/embedly-url-1.0.0.tgz#e8a7416a0871e3da5906bdce82e2630ecf050bce"
  dependencies:
    he "^0.5.0"

embeds@^2.6.0:
  version "2.11.6"
  resolved "https://registry.yarnpkg.com/embeds/-/embeds-2.11.6.tgz#1451473666e0e43058ed93effc6a57f03b7ca261"
  dependencies:
    deku "^1.0.0"
    embedly-url "^1.0.0"
    get-youtube-id "^1.0.0"
    lodash.find "^4.2.0"
    lodash.foreach "^4.2.0"
    lodash.last "^3.0.0"
    lodash.map "^4.2.1"
    lodash.startswith "^4.0.0"
    lodash.values "^4.1.0"
    virtual-element "^1.2.0"

es5-ext@^0.10.35, es5-ext@^0.10.9, es5-ext@~0.10.14:
  version "0.10.46"
  resolved "https://registry.yarnpkg.com/es5-ext/-/es5-ext-0.10.46.tgz#efd99f67c5a7ec789baa3daa7f79870388f7f572"
  dependencies:
    es6-iterator "~2.0.3"
    es6-symbol "~3.1.1"
    next-tick "1"

es6-iterator@~2.0.1, es6-iterator@~2.0.3:
  version "2.0.3"
  resolved "https://registry.yarnpkg.com/es6-iterator/-/es6-iterator-2.0.3.tgz#a7de889141a05a94b0854403b2d0a0fbfa98f3b7"
  dependencies:
    d "1"
    es5-ext "^0.10.35"
    es6-symbol "^3.1.1"

es6-set@^0.1.2:
  version "0.1.5"
  resolved "https://registry.yarnpkg.com/es6-set/-/es6-set-0.1.5.tgz#d2b3ec5d4d800ced818db538d28974db0a73ccb1"
  dependencies:
    d "1"
    es5-ext "~0.10.14"
    es6-iterator "~2.0.1"
    es6-symbol "3.1.1"
    event-emitter "~0.3.5"

es6-symbol@3.1.1, es6-symbol@^3.1.1, es6-symbol@~3.1.1:
  version "3.1.1"
  resolved "https://registry.yarnpkg.com/es6-symbol/-/es6-symbol-3.1.1.tgz#bf00ef4fdab6ba1b46ecb7b629b4c7ed5715cc77"
  dependencies:
    d "1"
    es5-ext "~0.10.14"

event-emitter@~0.3.5:
  version "0.3.5"
  resolved "https://registry.yarnpkg.com/event-emitter/-/event-emitter-0.3.5.tgz#df8c69eef1647923c7157b9ce83840610b02cc39"
  dependencies:
    d "1"
    es5-ext "~0.10.14"

execa@^0.7.0:
  version "0.7.0"
  resolved "https://registry.yarnpkg.com/execa/-/execa-0.7.0.tgz#944becd34cc41ee32a63a9faf27ad5a65fc59777"
  dependencies:
    cross-spawn "^5.0.1"
    get-stream "^3.0.0"
    is-stream "^1.1.0"
    npm-run-path "^2.0.0"
    p-finally "^1.0.0"
    signal-exit "^3.0.0"
    strip-eof "^1.0.0"

fast.js@0.1.1:
  version "0.1.1"
  resolved "https://registry.yarnpkg.com/fast.js/-/fast.js-0.1.1.tgz#7c024d55ae144882fbcee44b79005fe2dcabd9fe"

find-up@^2.1.0:
  version "2.1.0"
  resolved "https://registry.yarnpkg.com/find-up/-/find-up-2.1.0.tgz#45d1b7e506c717ddd482775a2b77920a3c0c57a7"
  dependencies:
    locate-path "^2.0.0"

generate-function@^2.0.0:
  version "2.3.1"
  resolved "https://registry.yarnpkg.com/generate-function/-/generate-function-2.3.1.tgz#f069617690c10c868e73b8465746764f97c3479f"
  dependencies:
    is-property "^1.0.2"

get-caller-file@^1.0.1:
  version "1.0.3"
  resolved "https://registry.yarnpkg.com/get-caller-file/-/get-caller-file-1.0.3.tgz#f978fa4c90d1dfe7ff2d6beda2a515e713bdcf4a"

get-stream@^3.0.0:
  version "3.0.0"
  resolved "https://registry.yarnpkg.com/get-stream/-/get-stream-3.0.0.tgz#8e943d1358dc37555054ecbe2edb05aa174ede14"

get-uid@1.0.1:
  version "1.0.1"
  resolved "https://registry.yarnpkg.com/get-uid/-/get-uid-1.0.1.tgz#ac6d5695550cb6be371d5a79b0d968115f746a22"

get-youtube-id@^1.0.0:
  version "1.0.0"
  resolved "https://registry.yarnpkg.com/get-youtube-id/-/get-youtube-id-1.0.0.tgz#367680848a29842635a68227c2d10b0a4924560f"

he@^0.5.0:
  version "0.5.0"
  resolved "https://registry.yarnpkg.com/he/-/he-0.5.0.tgz#2c05ffaef90b68e860f3fd2b54ef580989277ee2"

html-to-article-json@^1.20.1:
  version "1.20.1"
  resolved "https://registry.yarnpkg.com/html-to-article-json/-/html-to-article-json-1.20.1.tgz#948a2ebdf8f254347265d640bb6bfe905ff9dbf0"
  dependencies:
    block-elements "^1.1.0"
    embedly-url "^1.0.0"
    embeds "^2.6.0"
    es6-set "^0.1.2"
    generate-function "^2.0.0"
    get-youtube-id "^1.0.0"
    lodash.find "^4.2.0"
    lodash.last "^3.0.0"
    lodash.map "^4.2.0"
    lodash.startswith "^4.0.0"
    lodash.values "^4.1.0"
    query-dom "^3.0.0"

invert-kv@^1.0.0:
  version "1.0.0"
  resolved "https://registry.yarnpkg.com/invert-kv/-/invert-kv-1.0.0.tgz#104a8e4aaca6d3d8cd157a8ef8bfab2d7a3ffdb6"

is-dom@1.0.5:
  version "1.0.5"
  resolved "https://registry.yarnpkg.com/is-dom/-/is-dom-1.0.5.tgz#3b4f9eaa7a6014c010b276c645cad85bb3c7b1fd"

is-fullwidth-code-point@^1.0.0:
  version "1.0.0"
  resolved "https://registry.yarnpkg.com/is-fullwidth-code-point/-/is-fullwidth-code-point-1.0.0.tgz#ef9e31386f031a7f0d643af82fde50c457ef00cb"
  dependencies:
    number-is-nan "^1.0.0"

is-fullwidth-code-point@^2.0.0:
  version "2.0.0"
  resolved "https://registry.yarnpkg.com/is-fullwidth-code-point/-/is-fullwidth-code-point-2.0.0.tgz#a3b30a5c4f199183167aaab93beefae3ddfb654f"

is-property@^1.0.2:
  version "1.0.2"
  resolved "https://registry.yarnpkg.com/is-property/-/is-property-1.0.2.tgz#57fe1c4e48474edd65b09911f26b1cd4095dda84"

is-stream@^1.1.0:
  version "1.1.0"
  resolved "https://registry.yarnpkg.com/is-stream/-/is-stream-1.1.0.tgz#12d4a3dd4e68e0b79ceb8dbc84173ae80d91ca44"

is-svg-attribute@1.0.2:
  version "1.0.2"
  resolved "https://registry.yarnpkg.com/is-svg-attribute/-/is-svg-attribute-1.0.2.tgz#abaae770cc42c8bd2c16b702652881cc7f9b6ab0"

is-svg-element@1.0.1:
  version "1.0.1"
  resolved "https://registry.yarnpkg.com/is-svg-element/-/is-svg-element-1.0.1.tgz#a759f1033156bb1e18c60d0f179a013d25ca9296"

isexe@^2.0.0:
  version "2.0.0"
  resolved "https://registry.yarnpkg.com/isexe/-/isexe-2.0.0.tgz#e8fbf374dc556ff8947a10dcb0572d633f2cfa10"

lcid@^1.0.0:
  version "1.0.0"
  resolved "https://registry.yarnpkg.com/lcid/-/lcid-1.0.0.tgz#308accafa0bc483a3867b4b6f2b9506251d1b835"
  dependencies:
    invert-kv "^1.0.0"

locate-path@^2.0.0:
  version "2.0.0"
  resolved "https://registry.yarnpkg.com/locate-path/-/locate-path-2.0.0.tgz#2b568b265eec944c6d9c0de9c3dbbbca0354cd8e"
  dependencies:
    p-locate "^2.0.0"
    path-exists "^3.0.0"

lodash.find@^4.2.0:
  version "4.6.0"
  resolved "https://registry.yarnpkg.com/lodash.find/-/lodash.find-4.6.0.tgz#cb0704d47ab71789ffa0de8b97dd926fb88b13b1"

lodash.foreach@^4.2.0:
  version "4.5.0"
  resolved "https://registry.yarnpkg.com/lodash.foreach/-/lodash.foreach-4.5.0.tgz#1a6a35eace401280c7f06dddec35165ab27e3e53"

lodash.last@^3.0.0:
  version "3.0.0"
  resolved "https://registry.yarnpkg.com/lodash.last/-/lodash.last-3.0.0.tgz#242f663112dd4c6e63728c60a3c909d1bdadbd4c"

lodash.map@^4.2.0, lodash.map@^4.2.1:
  version "4.6.0"
  resolved "https://registry.yarnpkg.com/lodash.map/-/lodash.map-4.6.0.tgz#771ec7839e3473d9c4cde28b19394c3562f4f6d3"

lodash.startswith@^4.0.0, lodash.startswith@^4.0.1:
  version "4.2.1"
  resolved "https://registry.yarnpkg.com/lodash.startswith/-/lodash.startswith-4.2.1.tgz#c598c4adce188a27e53145731cdc6c0e7177600c"

lodash.values@^4.1.0:
  version "4.3.0"
  resolved "https://registry.yarnpkg.com/lodash.values/-/lodash.values-4.3.0.tgz#a3a6c2b0ebecc5c2cba1c17e6e620fe81b53d347"

lodash@^4.17.10:
  version "4.17.10"
  resolved "https://registry.yarnpkg.com/lodash/-/lodash-4.17.10.tgz#1b7793cf7259ea38fb3661d4d38b3260af8ae4e7"

lru-cache@^4.0.1:
  version "4.1.3"
  resolved "https://registry.yarnpkg.com/lru-cache/-/lru-cache-4.1.3.tgz#a1175cf3496dfc8436c156c334b4955992bce69c"
  dependencies:
    pseudomap "^1.0.2"
    yallist "^2.1.2"

magic-virtual-element@^1.0.6:
  version "1.0.6"
  resolved "https://registry.yarnpkg.com/magic-virtual-element/-/magic-virtual-element-1.0.6.tgz#87a34e02d477d4730e4cb274cfa19838ebccaf28"
  dependencies:
    classnames "^2.1.3"
    component-type "~1.1.0"
    sliced "^1.0.1"
    to-style "^1.3.3"
    virtual-element "^1.1.2"

mem@^1.1.0:
  version "1.1.0"
  resolved "https://registry.yarnpkg.com/mem/-/mem-1.1.0.tgz#5edd52b485ca1d900fe64895505399a0dfa45f76"
  dependencies:
    mimic-fn "^1.0.0"

mimic-fn@^1.0.0:
  version "1.2.0"
  resolved "https://registry.yarnpkg.com/mimic-fn/-/mimic-fn-1.2.0.tgz#820c86a39334640e99516928bd03fca88057d022"

moment@^2.12.0:
  version "2.22.2"
  resolved "https://registry.yarnpkg.com/moment/-/moment-2.22.2.tgz#3c257f9839fc0e93ff53149632239eb90783ff66"

next-tick@1:
  version "1.0.0"
  resolved "https://registry.yarnpkg.com/next-tick/-/next-tick-1.0.0.tgz#ca86d1fe8828169b0120208e3dc8424b9db8342c"

npm-run-path@^2.0.0:
  version "2.0.2"
  resolved "https://registry.yarnpkg.com/npm-run-path/-/npm-run-path-2.0.2.tgz#35a9232dfa35d7067b4cb2ddf2357b1871536c5f"
  dependencies:
    path-key "^2.0.0"

number-is-nan@^1.0.0:
  version "1.0.1"
  resolved "https://registry.yarnpkg.com/number-is-nan/-/number-is-nan-1.0.1.tgz#097b602b53422a522c1afb8790318336941a011d"

object-assign@^4.0.1:
  version "4.1.1"
  resolved "https://registry.yarnpkg.com/object-assign/-/object-assign-4.1.1.tgz#2109adc7965887cfc05cbbd442cac8bfbb360863"

object-defaults@0.1.0:
  version "0.1.0"
  resolved "https://registry.yarnpkg.com/object-defaults/-/object-defaults-0.1.0.tgz#fb5c140ee5625a7da8aaea860813c93ecf1bf684"

object-path@0.9.2:
  version "0.9.2"
  resolved "https://registry.yarnpkg.com/object-path/-/object-path-0.9.2.tgz#0fd9a74fc5fad1ae3968b586bda5c632bd6c05a5"

os-locale@^2.0.0:
  version "2.1.0"
  resolved "https://registry.yarnpkg.com/os-locale/-/os-locale-2.1.0.tgz#42bc2900a6b5b8bd17376c8e882b65afccf24bf2"
  dependencies:
    execa "^0.7.0"
    lcid "^1.0.0"
    mem "^1.1.0"

p-finally@^1.0.0:
  version "1.0.0"
  resolved "https://registry.yarnpkg.com/p-finally/-/p-finally-1.0.0.tgz#3fbcfb15b899a44123b34b6dcc18b724336a2cae"

p-limit@^1.1.0:
  version "1.3.0"
  resolved "https://registry.yarnpkg.com/p-limit/-/p-limit-1.3.0.tgz#b86bd5f0c25690911c7590fcbfc2010d54b3ccb8"
  dependencies:
    p-try "^1.0.0"

p-locate@^2.0.0:
  version "2.0.0"
  resolved "https://registry.yarnpkg.com/p-locate/-/p-locate-2.0.0.tgz#20a0103b222a70c8fd39cc2e580680f3dde5ec43"
  dependencies:
    p-limit "^1.1.0"

p-try@^1.0.0:
  version "1.0.0"
  resolved "https://registry.yarnpkg.com/p-try/-/p-try-1.0.0.tgz#cbc79cdbaf8fd4228e13f621f2b1a237c1b207b3"

parse5@^2.1.5:
  version "2.2.3"
  resolved "https://registry.yarnpkg.com/parse5/-/parse5-2.2.3.tgz#0c4fc41c1000c5e6b93d48b03f8083837834e9f6"

path-exists@^3.0.0:
  version "3.0.0"
  resolved "https://registry.yarnpkg.com/path-exists/-/path-exists-3.0.0.tgz#ce0ebeaa5f78cb18925ea7d810d7b59b010fd515"

path-key@^2.0.0:
  version "2.0.1"
  resolved "https://registry.yarnpkg.com/path-key/-/path-key-2.0.1.tgz#411cadb574c5a140d3a4b1910d40d80cc9f40b40"

pseudomap@^1.0.2:
  version "1.0.2"
  resolved "https://registry.yarnpkg.com/pseudomap/-/pseudomap-1.0.2.tgz#f052a28da70e618917ef0a8ac34c1ae5a68286b3"

query-dom@^3.0.0:
  version "3.4.3"
  resolved "https://registry.yarnpkg.com/query-dom/-/query-dom-3.4.3.tgz#2d32ebbd0b3090840c2eb2a0ea1d3ef4c66cee5e"
  dependencies:
    camelcase-css "^1.0.0"
    cssauron "^1.4.0"
    object-assign "^4.0.1"
    parse5 "^2.1.5"
    to-fast-properties "^1.0.1"

require-directory@^2.1.1:
  version "2.1.1"
  resolved "https://registry.yarnpkg.com/require-directory/-/require-directory-2.1.1.tgz#8c64ad5fd30dab1c976e2344ffe7f792a6a6df42"

require-main-filename@^1.0.1:
  version "1.0.1"
  resolved "https://registry.yarnpkg.com/require-main-filename/-/require-main-filename-1.0.1.tgz#97f717b69d48784f5f526a6c5aa8ffdda055a4d1"

set-blocking@^2.0.0:
  version "2.0.0"
  resolved "https://registry.yarnpkg.com/set-blocking/-/set-blocking-2.0.0.tgz#045f9782d011ae9a6803ddd382b24392b3d890f7"

shebang-command@^1.2.0:
  version "1.2.0"
  resolved "https://registry.yarnpkg.com/shebang-command/-/shebang-command-1.2.0.tgz#44aac65b695b03398968c39f363fee5deafdf1ea"
  dependencies:
    shebang-regex "^1.0.0"

shebang-regex@^1.0.0:
  version "1.0.0"
  resolved "https://registry.yarnpkg.com/shebang-regex/-/shebang-regex-1.0.0.tgz#da42f49740c0b42db2ca9728571cb190c98efea3"

showdown@^1.8.6:
  version "1.8.6"
  resolved "https://registry.yarnpkg.com/showdown/-/showdown-1.8.6.tgz#91ea4ee3b7a5448aaca6820a4e27e690c6ad771c"
  dependencies:
    yargs "^10.0.3"

signal-exit@^3.0.0:
  version "3.0.2"
  resolved "https://registry.yarnpkg.com/signal-exit/-/signal-exit-3.0.2.tgz#b5fdc08f1287ea1178628e415e25132b73646c6d"

sliced@0.0.5:
  version "0.0.5"
  resolved "https://registry.yarnpkg.com/sliced/-/sliced-0.0.5.tgz#5edc044ca4eb6f7816d50ba2fc63e25d8fe4707f"

sliced@^1.0.1:
  version "1.0.1"
  resolved "https://registry.yarnpkg.com/sliced/-/sliced-1.0.1.tgz#0b3a662b5d04c3177b1926bea82b03f837a2ef41"

string-width@^1.0.1:
  version "1.0.2"
  resolved "https://registry.yarnpkg.com/string-width/-/string-width-1.0.2.tgz#118bdf5b8cdc51a2a7e70d211e07e2b0b9b107d3"
  dependencies:
    code-point-at "^1.0.0"
    is-fullwidth-code-point "^1.0.0"
    strip-ansi "^3.0.0"

string-width@^2.0.0, string-width@^2.1.1:
  version "2.1.1"
  resolved "https://registry.yarnpkg.com/string-width/-/string-width-2.1.1.tgz#ab93f27a8dc13d28cac815c462143a6d9012ae9e"
  dependencies:
    is-fullwidth-code-point "^2.0.0"
    strip-ansi "^4.0.0"

strip-ansi@^3.0.0, strip-ansi@^3.0.1:
  version "3.0.1"
  resolved "https://registry.yarnpkg.com/strip-ansi/-/strip-ansi-3.0.1.tgz#6a385fb8853d952d5ff05d0e8aaf94278dc63dcf"
  dependencies:
    ansi-regex "^2.0.0"

strip-ansi@^4.0.0:
  version "4.0.0"
  resolved "https://registry.yarnpkg.com/strip-ansi/-/strip-ansi-4.0.0.tgz#a8479022eb1ac368a871389b635262c505ee368f"
  dependencies:
    ansi-regex "^3.0.0"

strip-eof@^1.0.0:
  version "1.0.0"
  resolved "https://registry.yarnpkg.com/strip-eof/-/strip-eof-1.0.0.tgz#bb43ff5598a6eb05d89b59fcd129c983313606bf"

through@X.X.X:
  version "2.3.8"
  resolved "https://registry.yarnpkg.com/through/-/through-2.3.8.tgz#0dd4c9ffaabc357960b1b724115d7e0e86a2e1f5"

to-fast-properties@^1.0.1:
  version "1.0.3"
  resolved "https://registry.yarnpkg.com/to-fast-properties/-/to-fast-properties-1.0.3.tgz#b83571fa4d8c25b82e231b06e3a3055de4ca1a47"

to-style@^1.3.3:
  version "1.3.3"
  resolved "https://registry.yarnpkg.com/to-style/-/to-style-1.3.3.tgz#63a2b70a6f4a7d4fdc2ed57a0be4e7235cb6699c"

url-join@^1.1.0:
  version "1.1.0"
  resolved "https://registry.yarnpkg.com/url-join/-/url-join-1.1.0.tgz#741c6c2f4596c4830d6718460920d0c92202dc78"

virtual-element@^1.1.2, virtual-element@^1.2.0:
  version "1.2.0"
  resolved "https://registry.yarnpkg.com/virtual-element/-/virtual-element-1.2.0.tgz#a25e5b044540be974a42e158924277c5ff32e2c2"
  dependencies:
    array-flatten "^1.1.1"
    sliced "0.0.5"

walk-apple-news-format@^1.0.0:
  version "1.0.0"
  resolved "https://registry.yarnpkg.com/walk-apple-news-format/-/walk-apple-news-format-1.0.0.tgz#09bd5ad393658f6a9393768bafcceac3e99147d9"

which-module@^2.0.0:
  version "2.0.0"
  resolved "https://registry.yarnpkg.com/which-module/-/which-module-2.0.0.tgz#d9ef07dce77b9902b8a3a8fa4b31c3e3f7e6e87a"

which@^1.2.9:
  version "1.3.1"
  resolved "https://registry.yarnpkg.com/which/-/which-1.3.1.tgz#a45043d54f5805316da8d62f9f50918d3da70b0a"
  dependencies:
    isexe "^2.0.0"

wrap-ansi@^2.0.0:
  version "2.1.0"
  resolved "https://registry.yarnpkg.com/wrap-ansi/-/wrap-ansi-2.1.0.tgz#d8fc3d284dd05794fe84973caecdd1cf824fdd85"
  dependencies:
    string-width "^1.0.1"
    strip-ansi "^3.0.1"

y18n@^3.2.1:
  version "3.2.1"
  resolved "https://registry.yarnpkg.com/y18n/-/y18n-3.2.1.tgz#6d15fba884c08679c0d77e88e7759e811e07fa41"

yallist@^2.1.2:
  version "2.1.2"
  resolved "https://registry.yarnpkg.com/yallist/-/yallist-2.1.2.tgz#1c11f9218f076089a47dd512f93c6699a6a81d52"

yargs-parser@^8.1.0:
  version "8.1.0"
  resolved "https://registry.yarnpkg.com/yargs-parser/-/yargs-parser-8.1.0.tgz#f1376a33b6629a5d063782944da732631e966950"
  dependencies:
    camelcase "^4.1.0"

yargs@^10.0.3:
  version "10.1.2"
  resolved "https://registry.yarnpkg.com/yargs/-/yargs-10.1.2.tgz#454d074c2b16a51a43e2fb7807e4f9de69ccb5c5"
  dependencies:
    cliui "^4.0.0"
    decamelize "^1.1.1"
    find-up "^2.1.0"
    get-caller-file "^1.0.1"
    os-locale "^2.0.0"
    require-directory "^2.1.1"
    require-main-filename "^1.0.1"
    set-blocking "^2.0.0"
    string-width "^2.0.0"
    which-module "^2.0.0"
    y18n "^3.2.1"
    yargs-parser "^8.1.0"
